
Microsoft Visual Studio Solution File, Format Version 12.00
# Visual Studio Version 16
VisualStudioVersion = 16.0.29519.87
MinimumVisualStudioVersion = 10.0.40219.1
Project("{FAE04EC0-301F-11D3-BF4B-00C04F79EFBC}") = "ComplexNumbers", "ComplexNumbers\ComplexNumbers.csproj", "{BAE490E6-F5F5-4982-9D8A-4B0F504599AF}"
EndProject
Global
	GlobalSection(SolutionConfigurationPlatforms) = preSolution
		Debug|Any CPU = Debug|Any CPU
		Release|Any CPU = Release|Any CPU
	EndGlobalSection
	GlobalSection(ProjectConfigurationPlatforms) = postSolution
		{BAE490E6-F5F5-4982-9D8A-4B0F504599AF}.Debug|Any CPU.ActiveCfg = Debug|Any CPU
		{BAE490E6-F5F5-4982-9D8A-4B0F504599AF}.Debug|Any CPU.Build.0 = Debug|Any CPU
		{BAE490E6-F5F5-4982-9D8A-4B0F504599AF}.Release|Any CPU.ActiveCfg = Release|Any CPU
		{BAE490E6-F5F5-4982-9D8A-4B0F504599AF}.Release|Any CPU.Build.0 = Release|Any CPU
	EndGlobalSection
	GlobalSection(SolutionProperties) = preSolution
		HideSolutionNode = FALSE
	EndGlobalSection
	GlobalSection(ExtensibilityGlobals) = postSolution
		SolutionGuid = {C26456CF-5189-4286-A66E-01316DC49ECB}
	EndGlobalSection
EndGlobal
