
Microsoft Visual Studio Solution File, Format Version 12.00
# Visual Studio 15
VisualStudioVersion = 15.0.26124.0
MinimumVisualStudioVersion = 15.0.26124.0
Project("{FAE04EC0-301F-11D3-BF4B-00C04F79EFBC}") = "2.1_AsyncBasis_DelayForCertainPeriodOfTime", "2.1_AsyncBasis_DelayForCertainPeriodOfTime\2.1_AsyncBasis_DelayForCertainPeriodOfTime.csproj", "{ED980369-3DB8-43F7-A212-E29DF3DC5434}"
EndProject
Project("{FAE04EC0-301F-11D3-BF4B-00C04F79EFBC}") = "2.2AsyncBasis_ReturningOfFinishedTasks", "2.2AsyncBasis_ReturningOfFinishedTasks\2.2AsyncBasis_ReturningOfFinishedTasks.csproj", "{ACDF2383-7BC6-412C-9B76-49832C5F4B9D}"
EndProject
Project("{FAE04EC0-301F-11D3-BF4B-00C04F79EFBC}") = "2.3AsyncBasis_TransferInformationAboutOperationProccess", "2.3AsyncBasis_TransferInformationAboutOperationProccess\2.3AsyncBasis_TransferInformationAboutOperationProccess.csproj", "{B23B87FC-1482-45A9-8B9D-B056690A05AD}"
EndProject
Project("{FAE04EC0-301F-11D3-BF4B-00C04F79EFBC}") = "2.4_AsyncBasis_WaitingForTaksGroupFinished", "2.4_AsyncBasis_WaitingForTaksGroupFinished\2.4_AsyncBasis_WaitingForTaksGroupFinished.csproj", "{B066DD70-7FBA-4CF7-8397-736D4C019236}"
EndProject
Project("{FAE04EC0-301F-11D3-BF4B-00C04F79EFBC}") = "2.5_AsyncBasis_Waiting_ToTheFirstTaskFinished", "2.5_AsyncBasis_Waiting_ToTheFirstTaskFinished\2.5_AsyncBasis_Waiting_ToTheFirstTaskFinished.csproj", "{FA1BACCC-7693-4F22-91A2-35247D03F805}"
EndProject
Project("{FAE04EC0-301F-11D3-BF4B-00C04F79EFBC}") = "2.6_AsyncBasis_TaskProccessingAfterFinishing", "2.6_AsyncBasis_TaskProccessingAfterFinishing\2.6_AsyncBasis_TaskProccessingAfterFinishing.csproj", "{70EF7AD2-9CFD-4C0F-911A-A5C2C8796E9A}"
EndProject
Global
	GlobalSection(SolutionConfigurationPlatforms) = preSolution
		Debug|Any CPU = Debug|Any CPU
		Debug|x64 = Debug|x64
		Debug|x86 = Debug|x86
		Release|Any CPU = Release|Any CPU
		Release|x64 = Release|x64
		Release|x86 = Release|x86
	EndGlobalSection
	GlobalSection(SolutionProperties) = preSolution
		HideSolutionNode = FALSE
	EndGlobalSection
	GlobalSection(ProjectConfigurationPlatforms) = postSolution
		{ED980369-3DB8-43F7-A212-E29DF3DC5434}.Debug|Any CPU.ActiveCfg = Debug|Any CPU
		{ED980369-3DB8-43F7-A212-E29DF3DC5434}.Debug|Any CPU.Build.0 = Debug|Any CPU
		{ED980369-3DB8-43F7-A212-E29DF3DC5434}.Debug|x64.ActiveCfg = Debug|Any CPU
		{ED980369-3DB8-43F7-A212-E29DF3DC5434}.Debug|x64.Build.0 = Debug|Any CPU
		{ED980369-3DB8-43F7-A212-E29DF3DC5434}.Debug|x86.ActiveCfg = Debug|Any CPU
		{ED980369-3DB8-43F7-A212-E29DF3DC5434}.Debug|x86.Build.0 = Debug|Any CPU
		{ED980369-3DB8-43F7-A212-E29DF3DC5434}.Release|Any CPU.ActiveCfg = Release|Any CPU
		{ED980369-3DB8-43F7-A212-E29DF3DC5434}.Release|Any CPU.Build.0 = Release|Any CPU
		{ED980369-3DB8-43F7-A212-E29DF3DC5434}.Release|x64.ActiveCfg = Release|Any CPU
		{ED980369-3DB8-43F7-A212-E29DF3DC5434}.Release|x64.Build.0 = Release|Any CPU
		{ED980369-3DB8-43F7-A212-E29DF3DC5434}.Release|x86.ActiveCfg = Release|Any CPU
		{ED980369-3DB8-43F7-A212-E29DF3DC5434}.Release|x86.Build.0 = Release|Any CPU
		{ACDF2383-7BC6-412C-9B76-49832C5F4B9D}.Debug|Any CPU.ActiveCfg = Debug|Any CPU
		{ACDF2383-7BC6-412C-9B76-49832C5F4B9D}.Debug|Any CPU.Build.0 = Debug|Any CPU
		{ACDF2383-7BC6-412C-9B76-49832C5F4B9D}.Debug|x64.ActiveCfg = Debug|Any CPU
		{ACDF2383-7BC6-412C-9B76-49832C5F4B9D}.Debug|x64.Build.0 = Debug|Any CPU
		{ACDF2383-7BC6-412C-9B76-49832C5F4B9D}.Debug|x86.ActiveCfg = Debug|Any CPU
		{ACDF2383-7BC6-412C-9B76-49832C5F4B9D}.Debug|x86.Build.0 = Debug|Any CPU
		{ACDF2383-7BC6-412C-9B76-49832C5F4B9D}.Release|Any CPU.ActiveCfg = Release|Any CPU
		{ACDF2383-7BC6-412C-9B76-49832C5F4B9D}.Release|Any CPU.Build.0 = Release|Any CPU
		{ACDF2383-7BC6-412C-9B76-49832C5F4B9D}.Release|x64.ActiveCfg = Release|Any CPU
		{ACDF2383-7BC6-412C-9B76-49832C5F4B9D}.Release|x64.Build.0 = Release|Any CPU
		{ACDF2383-7BC6-412C-9B76-49832C5F4B9D}.Release|x86.ActiveCfg = Release|Any CPU
		{ACDF2383-7BC6-412C-9B76-49832C5F4B9D}.Release|x86.Build.0 = Release|Any CPU
		{B23B87FC-1482-45A9-8B9D-B056690A05AD}.Debug|Any CPU.ActiveCfg = Debug|Any CPU
		{B23B87FC-1482-45A9-8B9D-B056690A05AD}.Debug|Any CPU.Build.0 = Debug|Any CPU
		{B23B87FC-1482-45A9-8B9D-B056690A05AD}.Debug|x64.ActiveCfg = Debug|Any CPU
		{B23B87FC-1482-45A9-8B9D-B056690A05AD}.Debug|x64.Build.0 = Debug|Any CPU
		{B23B87FC-1482-45A9-8B9D-B056690A05AD}.Debug|x86.ActiveCfg = Debug|Any CPU
		{B23B87FC-1482-45A9-8B9D-B056690A05AD}.Debug|x86.Build.0 = Debug|Any CPU
		{B23B87FC-1482-45A9-8B9D-B056690A05AD}.Release|Any CPU.ActiveCfg = Release|Any CPU
		{B23B87FC-1482-45A9-8B9D-B056690A05AD}.Release|Any CPU.Build.0 = Release|Any CPU
		{B23B87FC-1482-45A9-8B9D-B056690A05AD}.Release|x64.ActiveCfg = Release|Any CPU
		{B23B87FC-1482-45A9-8B9D-B056690A05AD}.Release|x64.Build.0 = Release|Any CPU
		{B23B87FC-1482-45A9-8B9D-B056690A05AD}.Release|x86.ActiveCfg = Release|Any CPU
		{B23B87FC-1482-45A9-8B9D-B056690A05AD}.Release|x86.Build.0 = Release|Any CPU
		{B066DD70-7FBA-4CF7-8397-736D4C019236}.Debug|Any CPU.ActiveCfg = Debug|Any CPU
		{B066DD70-7FBA-4CF7-8397-736D4C019236}.Debug|Any CPU.Build.0 = Debug|Any CPU
		{B066DD70-7FBA-4CF7-8397-736D4C019236}.Debug|x64.ActiveCfg = Debug|Any CPU
		{B066DD70-7FBA-4CF7-8397-736D4C019236}.Debug|x64.Build.0 = Debug|Any CPU
		{B066DD70-7FBA-4CF7-8397-736D4C019236}.Debug|x86.ActiveCfg = Debug|Any CPU
		{B066DD70-7FBA-4CF7-8397-736D4C019236}.Debug|x86.Build.0 = Debug|Any CPU
		{B066DD70-7FBA-4CF7-8397-736D4C019236}.Release|Any CPU.ActiveCfg = Release|Any CPU
		{B066DD70-7FBA-4CF7-8397-736D4C019236}.Release|Any CPU.Build.0 = Release|Any CPU
		{B066DD70-7FBA-4CF7-8397-736D4C019236}.Release|x64.ActiveCfg = Release|Any CPU
		{B066DD70-7FBA-4CF7-8397-736D4C019236}.Release|x64.Build.0 = Release|Any CPU
		{B066DD70-7FBA-4CF7-8397-736D4C019236}.Release|x86.ActiveCfg = Release|Any CPU
		{B066DD70-7FBA-4CF7-8397-736D4C019236}.Release|x86.Build.0 = Release|Any CPU
		{FA1BACCC-7693-4F22-91A2-35247D03F805}.Debug|Any CPU.ActiveCfg = Debug|Any CPU
		{FA1BACCC-7693-4F22-91A2-35247D03F805}.Debug|Any CPU.Build.0 = Debug|Any CPU
		{FA1BACCC-7693-4F22-91A2-35247D03F805}.Debug|x64.ActiveCfg = Debug|Any CPU
		{FA1BACCC-7693-4F22-91A2-35247D03F805}.Debug|x64.Build.0 = Debug|Any CPU
		{FA1BACCC-7693-4F22-91A2-35247D03F805}.Debug|x86.ActiveCfg = Debug|Any CPU
		{FA1BACCC-7693-4F22-91A2-35247D03F805}.Debug|x86.Build.0 = Debug|Any CPU
		{FA1BACCC-7693-4F22-91A2-35247D03F805}.Release|Any CPU.ActiveCfg = Release|Any CPU
		{FA1BACCC-7693-4F22-91A2-35247D03F805}.Release|Any CPU.Build.0 = Release|Any CPU
		{FA1BACCC-7693-4F22-91A2-35247D03F805}.Release|x64.ActiveCfg = Release|Any CPU
		{FA1BACCC-7693-4F22-91A2-35247D03F805}.Release|x64.Build.0 = Release|Any CPU
		{FA1BACCC-7693-4F22-91A2-35247D03F805}.Release|x86.ActiveCfg = Release|Any CPU
		{FA1BACCC-7693-4F22-91A2-35247D03F805}.Release|x86.Build.0 = Release|Any CPU
		{70EF7AD2-9CFD-4C0F-911A-A5C2C8796E9A}.Debug|Any CPU.ActiveCfg = Debug|Any CPU
		{70EF7AD2-9CFD-4C0F-911A-A5C2C8796E9A}.Debug|Any CPU.Build.0 = Debug|Any CPU
		{70EF7AD2-9CFD-4C0F-911A-A5C2C8796E9A}.Debug|x64.ActiveCfg = Debug|Any CPU
		{70EF7AD2-9CFD-4C0F-911A-A5C2C8796E9A}.Debug|x64.Build.0 = Debug|Any CPU
		{70EF7AD2-9CFD-4C0F-911A-A5C2C8796E9A}.Debug|x86.ActiveCfg = Debug|Any CPU
		{70EF7AD2-9CFD-4C0F-911A-A5C2C8796E9A}.Debug|x86.Build.0 = Debug|Any CPU
		{70EF7AD2-9CFD-4C0F-911A-A5C2C8796E9A}.Release|Any CPU.ActiveCfg = Release|Any CPU
		{70EF7AD2-9CFD-4C0F-911A-A5C2C8796E9A}.Release|Any CPU.Build.0 = Release|Any CPU
		{70EF7AD2-9CFD-4C0F-911A-A5C2C8796E9A}.Release|x64.ActiveCfg = Release|Any CPU
		{70EF7AD2-9CFD-4C0F-911A-A5C2C8796E9A}.Release|x64.Build.0 = Release|Any CPU
		{70EF7AD2-9CFD-4C0F-911A-A5C2C8796E9A}.Release|x86.ActiveCfg = Release|Any CPU
		{70EF7AD2-9CFD-4C0F-911A-A5C2C8796E9A}.Release|x86.Build.0 = Release|Any CPU
	EndGlobalSection
EndGlobal
