
Microsoft Visual Studio Solution File, Format Version 12.00
# Visual Studio Version 16
VisualStudioVersion = 16.0.29519.87
MinimumVisualStudioVersion = 10.0.40219.1
Project("{FAE04EC0-301F-11D3-BF4B-00C04F79EFBC}") = "HangmanGame", "HangmanGame\HangmanGame.csproj", "{53BA51C3-6B1C-497A-92A8-E0FD9C3C9150}"
EndProject
Global
	GlobalSection(SolutionConfigurationPlatforms) = preSolution
		Debug|Any CPU = Debug|Any CPU
		Release|Any CPU = Release|Any CPU
	EndGlobalSection
	GlobalSection(ProjectConfigurationPlatforms) = postSolution
		{53BA51C3-6B1C-497A-92A8-E0FD9C3C9150}.Debug|Any CPU.ActiveCfg = Debug|Any CPU
		{53BA51C3-6B1C-497A-92A8-E0FD9C3C9150}.Debug|Any CPU.Build.0 = Debug|Any CPU
		{53BA51C3-6B1C-497A-92A8-E0FD9C3C9150}.Release|Any CPU.ActiveCfg = Release|Any CPU
		{53BA51C3-6B1C-497A-92A8-E0FD9C3C9150}.Release|Any CPU.Build.0 = Release|Any CPU
	EndGlobalSection
	GlobalSection(SolutionProperties) = preSolution
		HideSolutionNode = FALSE
	EndGlobalSection
	GlobalSection(ExtensibilityGlobals) = postSolution
		SolutionGuid = {0F59C8A4-978E-439A-ACFD-B5E4DA1AA895}
	EndGlobalSection
EndGlobal
