
Microsoft Visual Studio Solution File, Format Version 12.00
# Visual Studio Version 16
VisualStudioVersion = 16.0.29519.87
MinimumVisualStudioVersion = 10.0.40219.1
Project("{FAE04EC0-301F-11D3-BF4B-00C04F79EFBC}") = "TikTakToeGame", "TikTakToeGame\TikTakToeGame.csproj", "{2CB26D4C-580C-47DE-83C1-54B4EBD84011}"
EndProject
Global
	GlobalSection(SolutionConfigurationPlatforms) = preSolution
		Debug|Any CPU = Debug|Any CPU
		Release|Any CPU = Release|Any CPU
	EndGlobalSection
	GlobalSection(ProjectConfigurationPlatforms) = postSolution
		{2CB26D4C-580C-47DE-83C1-54B4EBD84011}.Debug|Any CPU.ActiveCfg = Debug|Any CPU
		{2CB26D4C-580C-47DE-83C1-54B4EBD84011}.Debug|Any CPU.Build.0 = Debug|Any CPU
		{2CB26D4C-580C-47DE-83C1-54B4EBD84011}.Release|Any CPU.ActiveCfg = Release|Any CPU
		{2CB26D4C-580C-47DE-83C1-54B4EBD84011}.Release|Any CPU.Build.0 = Release|Any CPU
	EndGlobalSection
	GlobalSection(SolutionProperties) = preSolution
		HideSolutionNode = FALSE
	EndGlobalSection
	GlobalSection(ExtensibilityGlobals) = postSolution
		SolutionGuid = {AAB2D354-0F2F-4D48-9C95-0BF336E44E18}
	EndGlobalSection
EndGlobal
