
Microsoft Visual Studio Solution File, Format Version 12.00
# Visual Studio Version 16
VisualStudioVersion = 16.0.30002.166
MinimumVisualStudioVersion = 10.0.40219.1
Project("{FAE04EC0-301F-11D3-BF4B-00C04F79EFBC}") = "IO_task2", "IO_task2\IO_task2.csproj", "{799F34F2-2C6E-4093-A9B0-98FED31FC620}"
EndProject
Global
	GlobalSection(SolutionConfigurationPlatforms) = preSolution
		Debug|Any CPU = Debug|Any CPU
		Release|Any CPU = Release|Any CPU
	EndGlobalSection
	GlobalSection(ProjectConfigurationPlatforms) = postSolution
		{799F34F2-2C6E-4093-A9B0-98FED31FC620}.Debug|Any CPU.ActiveCfg = Debug|Any CPU
		{799F34F2-2C6E-4093-A9B0-98FED31FC620}.Debug|Any CPU.Build.0 = Debug|Any CPU
		{799F34F2-2C6E-4093-A9B0-98FED31FC620}.Release|Any CPU.ActiveCfg = Release|Any CPU
		{799F34F2-2C6E-4093-A9B0-98FED31FC620}.Release|Any CPU.Build.0 = Release|Any CPU
	EndGlobalSection
	GlobalSection(SolutionProperties) = preSolution
		HideSolutionNode = FALSE
	EndGlobalSection
	GlobalSection(ExtensibilityGlobals) = postSolution
		SolutionGuid = {65F549B6-9642-44EE-95DD-91BE6C1B2037}
	EndGlobalSection
EndGlobal
