
Microsoft Visual Studio Solution File, Format Version 12.00
# Visual Studio Version 16
VisualStudioVersion = 16.0.29519.87
MinimumVisualStudioVersion = 10.0.40219.1
Project("{FAE04EC0-301F-11D3-BF4B-00C04F79EFBC}") = "TriangleGeron", "TriangleGeron\TriangleGeron.csproj", "{C9FF440B-D105-4DE1-8F86-2FB147A56463}"
EndProject
Global
	GlobalSection(SolutionConfigurationPlatforms) = preSolution
		Debug|Any CPU = Debug|Any CPU
		Release|Any CPU = Release|Any CPU
	EndGlobalSection
	GlobalSection(ProjectConfigurationPlatforms) = postSolution
		{C9FF440B-D105-4DE1-8F86-2FB147A56463}.Debug|Any CPU.ActiveCfg = Debug|Any CPU
		{C9FF440B-D105-4DE1-8F86-2FB147A56463}.Debug|Any CPU.Build.0 = Debug|Any CPU
		{C9FF440B-D105-4DE1-8F86-2FB147A56463}.Release|Any CPU.ActiveCfg = Release|Any CPU
		{C9FF440B-D105-4DE1-8F86-2FB147A56463}.Release|Any CPU.Build.0 = Release|Any CPU
	EndGlobalSection
	GlobalSection(SolutionProperties) = preSolution
		HideSolutionNode = FALSE
	EndGlobalSection
	GlobalSection(ExtensibilityGlobals) = postSolution
		SolutionGuid = {D6E7E082-1F0F-41F2-984D-75F2117EBDBC}
	EndGlobalSection
EndGlobal
